
Microsoft Visual Studio Solution File, Format Version 12.00
# Visual Studio 15
VisualStudioVersion = 15.0.26124.0
MinimumVisualStudioVersion = 15.0.26124.0
Project("{FAE04EC0-301F-11D3-BF4B-00C04F79EFBC}") = "FindRef.DotnetTool", "FindRef.DotnetTool\FindRef.DotnetTool.csproj", "{DA8BEBBB-A9ED-4EB6-95CF-448E51E798C5}"
EndProject
Project("{FAE04EC0-301F-11D3-BF4B-00C04F79EFBC}") = "FindRef.Util", "FindRef.Util\FindRef.Util.csproj", "{1B5B5372-CFC5-4B50-809E-86AFE6209931}"
EndProject
Project("{2150E333-8FDC-42A3-9474-1A3956D46DE8}") = "Solution Items", "Solution Items", "{FCBCEE7F-1BB9-436F-87EF-28CEBFB85835}"
ProjectSection(SolutionItems) = preProject
	..\docker\Dockerfile = ..\docker\Dockerfile
	..\build\azure-pipelines.ci.yml = ..\build\azure-pipelines.ci.yml
	..\build\azure-pipelines.publish.yml = ..\build\azure-pipelines.publish.yml
	..\README.md = ..\README.md
EndProjectSection
EndProject
Global
	GlobalSection(SolutionProperties) = preSolution
		HideSolutionNode = FALSE
	EndGlobalSection
	GlobalSection(SolutionConfigurationPlatforms) = preSolution
		Debug|Any CPU = Debug|Any CPU
		Debug|x64 = Debug|x64
		Debug|x86 = Debug|x86
		Release|Any CPU = Release|Any CPU
		Release|x64 = Release|x64
		Release|x86 = Release|x86
	EndGlobalSection
	GlobalSection(ProjectConfigurationPlatforms) = postSolution
		{DA8BEBBB-A9ED-4EB6-95CF-448E51E798C5}.Debug|Any CPU.ActiveCfg = Debug|Any CPU
		{DA8BEBBB-A9ED-4EB6-95CF-448E51E798C5}.Debug|Any CPU.Build.0 = Debug|Any CPU
		{DA8BEBBB-A9ED-4EB6-95CF-448E51E798C5}.Debug|x64.ActiveCfg = Debug|Any CPU
		{DA8BEBBB-A9ED-4EB6-95CF-448E51E798C5}.Debug|x64.Build.0 = Debug|Any CPU
		{DA8BEBBB-A9ED-4EB6-95CF-448E51E798C5}.Debug|x86.ActiveCfg = Debug|Any CPU
		{DA8BEBBB-A9ED-4EB6-95CF-448E51E798C5}.Debug|x86.Build.0 = Debug|Any CPU
		{DA8BEBBB-A9ED-4EB6-95CF-448E51E798C5}.Release|Any CPU.ActiveCfg = Release|Any CPU
		{DA8BEBBB-A9ED-4EB6-95CF-448E51E798C5}.Release|Any CPU.Build.0 = Release|Any CPU
		{DA8BEBBB-A9ED-4EB6-95CF-448E51E798C5}.Release|x64.ActiveCfg = Release|Any CPU
		{DA8BEBBB-A9ED-4EB6-95CF-448E51E798C5}.Release|x64.Build.0 = Release|Any CPU
		{DA8BEBBB-A9ED-4EB6-95CF-448E51E798C5}.Release|x86.ActiveCfg = Release|Any CPU
		{DA8BEBBB-A9ED-4EB6-95CF-448E51E798C5}.Release|x86.Build.0 = Release|Any CPU
		{1B5B5372-CFC5-4B50-809E-86AFE6209931}.Debug|Any CPU.ActiveCfg = Debug|Any CPU
		{1B5B5372-CFC5-4B50-809E-86AFE6209931}.Debug|Any CPU.Build.0 = Debug|Any CPU
		{1B5B5372-CFC5-4B50-809E-86AFE6209931}.Debug|x64.ActiveCfg = Debug|Any CPU
		{1B5B5372-CFC5-4B50-809E-86AFE6209931}.Debug|x64.Build.0 = Debug|Any CPU
		{1B5B5372-CFC5-4B50-809E-86AFE6209931}.Debug|x86.ActiveCfg = Debug|Any CPU
		{1B5B5372-CFC5-4B50-809E-86AFE6209931}.Debug|x86.Build.0 = Debug|Any CPU
		{1B5B5372-CFC5-4B50-809E-86AFE6209931}.Release|Any CPU.ActiveCfg = Release|Any CPU
		{1B5B5372-CFC5-4B50-809E-86AFE6209931}.Release|Any CPU.Build.0 = Release|Any CPU
		{1B5B5372-CFC5-4B50-809E-86AFE6209931}.Release|x64.ActiveCfg = Release|Any CPU
		{1B5B5372-CFC5-4B50-809E-86AFE6209931}.Release|x64.Build.0 = Release|Any CPU
		{1B5B5372-CFC5-4B50-809E-86AFE6209931}.Release|x86.ActiveCfg = Release|Any CPU
		{1B5B5372-CFC5-4B50-809E-86AFE6209931}.Release|x86.Build.0 = Release|Any CPU
	EndGlobalSection
EndGlobal
